
Microsoft Visual Studio Solution File, Format Version 12.00
# Visual Studio Version 17
VisualStudioVersion = 17.5.33627.172
MinimumVisualStudioVersion = 10.0.40219.1
Project("{9A19103F-16F7-4668-BE54-9A1E7A4F7556}") = "homework_1", "homework_1\homework_1.csproj", "{2F59B20C-61A6-45A8-8E9C-5443F9912522}"
EndProject
Project("{9A19103F-16F7-4668-BE54-9A1E7A4F7556}") = "RevertNumber", "homework_2\revertNumber\RevertNumber.csproj", "{4DBBD5D2-6D8E-42F1-867F-5878C891FF35}"
EndProject
Project("{9A19103F-16F7-4668-BE54-9A1E7A4F7556}") = "GetSquare", "homework_2\GetSquare\GetSquare.csproj", "{DF051415-1817-403B-BB41-88655F50D9B3}"
EndProject
Project("{9A19103F-16F7-4668-BE54-9A1E7A4F7556}") = "ChangedNumber", "homework_2\ChangedNumber\ChangedNumber.csproj", "{E3730648-CA38-44EC-8313-AF951996E174}"
EndProject
Project("{9A19103F-16F7-4668-BE54-9A1E7A4F7556}") = "AverageNumber", "homework_2\AverageNumber\AverageNumber.csproj", "{E5C96FC0-5284-4E80-87F9-3C55FDFC91D7}"
EndProject
Project("{9A19103F-16F7-4668-BE54-9A1E7A4F7556}") = "ReplaceVariable", "homework_2\ReplaceVariable\ReplaceVariable.csproj", "{B0ECB11C-2E3D-43AD-BC94-1E722CA29D10}"
EndProject
Project("{9A19103F-16F7-4668-BE54-9A1E7A4F7556}") = "EvenOddNumbers", "homework_3\EvenOddNumbers\EvenOddNumbers.csproj", "{03033A60-DC02-41E6-A3F4-11E293B1B257}"
EndProject
Project("{9A19103F-16F7-4668-BE54-9A1E7A4F7556}") = "ComparingNumbers", "homework_3\ComparingNumbers\ComparingNumbers.csproj", "{AA1E379B-A408-4CAD-A23F-6DA78186D9AD}"
EndProject
Project("{9A19103F-16F7-4668-BE54-9A1E7A4F7556}") = "GetDayOfWeek", "homework_3\GetDayOfWeek\GetDayOfWeek.csproj", "{B527301D-7389-4932-A6A2-2793A80A79EB}"
EndProject
Project("{9A19103F-16F7-4668-BE54-9A1E7A4F7556}") = "NameOfSeason", "homework_3\NameOfSeason\NameOfSeason.csproj", "{6D53DFBE-0152-49DB-B864-205CFB444AB3}"
EndProject
Project("{9A19103F-16F7-4668-BE54-9A1E7A4F7556}") = "Multiple", "homework_3\Multiple\Multiple.csproj", "{2C814147-F723-4C21-AB78-4FA7C00FA1C5}"
EndProject
Project("{9A19103F-16F7-4668-BE54-9A1E7A4F7556}") = "CheckPassword", "homework_4\CheckPassword\CheckPassword.csproj", "{27B8FD75-8FEC-4436-8EB6-E5B8F2683EE8}"
EndProject
Project("{9A19103F-16F7-4668-BE54-9A1E7A4F7556}") = "GuessNumber", "homework_4\GuessNumber\GuessNumber.csproj", "{E9A51821-3DCC-4044-8F90-5E9E293EA983}"
EndProject
Project("{9A19103F-16F7-4668-BE54-9A1E7A4F7556}") = "SimpleNumber", "homework_4\SimpleNumber\SimpleNumber.csproj", "{C36D50FF-8097-4A47-A326-C4680E31739E}"
EndProject
Project("{FAE04EC0-301F-11D3-BF4B-00C04F79EFBC}") = "ArrayAddToStart", "homework_5\ArrayAddToStart\ArrayAddToStart.csproj", "{A407DCF7-4810-43C1-A57F-F45B181761E2}"
EndProject
Project("{FAE04EC0-301F-11D3-BF4B-00C04F79EFBC}") = "PrintArray", "homework_5\PrintArray\PrintArray.csproj", "{98E5AA5F-61AB-4EEC-AA60-36FBCD5352BE}"
EndProject
Project("{FAE04EC0-301F-11D3-BF4B-00C04F79EFBC}") = "ConcatArray", "homework_5\ConcatArray\ConcatArray.csproj", "{058F930E-A910-4111-9AE2-A6B78AC2D3FD}"
EndProject
Project("{FAE04EC0-301F-11D3-BF4B-00C04F79EFBC}") = "RemoveElementFromArray", "homework_5\RemoveElementFromArray\RemoveElementFromArray.csproj", "{9752C343-F2DF-46A5-90C3-4DC2B1597194}"
EndProject
Global
	GlobalSection(SolutionConfigurationPlatforms) = preSolution
		Debug|Any CPU = Debug|Any CPU
		Release|Any CPU = Release|Any CPU
	EndGlobalSection
	GlobalSection(ProjectConfigurationPlatforms) = postSolution
		{2F59B20C-61A6-45A8-8E9C-5443F9912522}.Debug|Any CPU.ActiveCfg = Debug|Any CPU
		{2F59B20C-61A6-45A8-8E9C-5443F9912522}.Debug|Any CPU.Build.0 = Debug|Any CPU
		{2F59B20C-61A6-45A8-8E9C-5443F9912522}.Release|Any CPU.ActiveCfg = Release|Any CPU
		{2F59B20C-61A6-45A8-8E9C-5443F9912522}.Release|Any CPU.Build.0 = Release|Any CPU
		{4DBBD5D2-6D8E-42F1-867F-5878C891FF35}.Debug|Any CPU.ActiveCfg = Debug|Any CPU
		{4DBBD5D2-6D8E-42F1-867F-5878C891FF35}.Debug|Any CPU.Build.0 = Debug|Any CPU
		{4DBBD5D2-6D8E-42F1-867F-5878C891FF35}.Release|Any CPU.ActiveCfg = Release|Any CPU
		{4DBBD5D2-6D8E-42F1-867F-5878C891FF35}.Release|Any CPU.Build.0 = Release|Any CPU
		{DF051415-1817-403B-BB41-88655F50D9B3}.Debug|Any CPU.ActiveCfg = Debug|Any CPU
		{DF051415-1817-403B-BB41-88655F50D9B3}.Debug|Any CPU.Build.0 = Debug|Any CPU
		{DF051415-1817-403B-BB41-88655F50D9B3}.Release|Any CPU.ActiveCfg = Release|Any CPU
		{DF051415-1817-403B-BB41-88655F50D9B3}.Release|Any CPU.Build.0 = Release|Any CPU
		{E3730648-CA38-44EC-8313-AF951996E174}.Debug|Any CPU.ActiveCfg = Debug|Any CPU
		{E3730648-CA38-44EC-8313-AF951996E174}.Debug|Any CPU.Build.0 = Debug|Any CPU
		{E3730648-CA38-44EC-8313-AF951996E174}.Release|Any CPU.ActiveCfg = Release|Any CPU
		{E3730648-CA38-44EC-8313-AF951996E174}.Release|Any CPU.Build.0 = Release|Any CPU
		{E5C96FC0-5284-4E80-87F9-3C55FDFC91D7}.Debug|Any CPU.ActiveCfg = Debug|Any CPU
		{E5C96FC0-5284-4E80-87F9-3C55FDFC91D7}.Debug|Any CPU.Build.0 = Debug|Any CPU
		{E5C96FC0-5284-4E80-87F9-3C55FDFC91D7}.Release|Any CPU.ActiveCfg = Release|Any CPU
		{E5C96FC0-5284-4E80-87F9-3C55FDFC91D7}.Release|Any CPU.Build.0 = Release|Any CPU
		{B0ECB11C-2E3D-43AD-BC94-1E722CA29D10}.Debug|Any CPU.ActiveCfg = Debug|Any CPU
		{B0ECB11C-2E3D-43AD-BC94-1E722CA29D10}.Debug|Any CPU.Build.0 = Debug|Any CPU
		{B0ECB11C-2E3D-43AD-BC94-1E722CA29D10}.Release|Any CPU.ActiveCfg = Release|Any CPU
		{B0ECB11C-2E3D-43AD-BC94-1E722CA29D10}.Release|Any CPU.Build.0 = Release|Any CPU
		{03033A60-DC02-41E6-A3F4-11E293B1B257}.Debug|Any CPU.ActiveCfg = Debug|Any CPU
		{03033A60-DC02-41E6-A3F4-11E293B1B257}.Debug|Any CPU.Build.0 = Debug|Any CPU
		{03033A60-DC02-41E6-A3F4-11E293B1B257}.Release|Any CPU.ActiveCfg = Release|Any CPU
		{03033A60-DC02-41E6-A3F4-11E293B1B257}.Release|Any CPU.Build.0 = Release|Any CPU
		{AA1E379B-A408-4CAD-A23F-6DA78186D9AD}.Debug|Any CPU.ActiveCfg = Debug|Any CPU
		{AA1E379B-A408-4CAD-A23F-6DA78186D9AD}.Debug|Any CPU.Build.0 = Debug|Any CPU
		{AA1E379B-A408-4CAD-A23F-6DA78186D9AD}.Release|Any CPU.ActiveCfg = Release|Any CPU
		{AA1E379B-A408-4CAD-A23F-6DA78186D9AD}.Release|Any CPU.Build.0 = Release|Any CPU
		{B527301D-7389-4932-A6A2-2793A80A79EB}.Debug|Any CPU.ActiveCfg = Debug|Any CPU
		{B527301D-7389-4932-A6A2-2793A80A79EB}.Debug|Any CPU.Build.0 = Debug|Any CPU
		{B527301D-7389-4932-A6A2-2793A80A79EB}.Release|Any CPU.ActiveCfg = Release|Any CPU
		{B527301D-7389-4932-A6A2-2793A80A79EB}.Release|Any CPU.Build.0 = Release|Any CPU
		{6D53DFBE-0152-49DB-B864-205CFB444AB3}.Debug|Any CPU.ActiveCfg = Debug|Any CPU
		{6D53DFBE-0152-49DB-B864-205CFB444AB3}.Debug|Any CPU.Build.0 = Debug|Any CPU
		{6D53DFBE-0152-49DB-B864-205CFB444AB3}.Release|Any CPU.ActiveCfg = Release|Any CPU
		{6D53DFBE-0152-49DB-B864-205CFB444AB3}.Release|Any CPU.Build.0 = Release|Any CPU
		{2C814147-F723-4C21-AB78-4FA7C00FA1C5}.Debug|Any CPU.ActiveCfg = Debug|Any CPU
		{2C814147-F723-4C21-AB78-4FA7C00FA1C5}.Debug|Any CPU.Build.0 = Debug|Any CPU
		{2C814147-F723-4C21-AB78-4FA7C00FA1C5}.Release|Any CPU.ActiveCfg = Release|Any CPU
		{2C814147-F723-4C21-AB78-4FA7C00FA1C5}.Release|Any CPU.Build.0 = Release|Any CPU
		{27B8FD75-8FEC-4436-8EB6-E5B8F2683EE8}.Debug|Any CPU.ActiveCfg = Debug|Any CPU
		{27B8FD75-8FEC-4436-8EB6-E5B8F2683EE8}.Debug|Any CPU.Build.0 = Debug|Any CPU
		{27B8FD75-8FEC-4436-8EB6-E5B8F2683EE8}.Release|Any CPU.ActiveCfg = Release|Any CPU
		{27B8FD75-8FEC-4436-8EB6-E5B8F2683EE8}.Release|Any CPU.Build.0 = Release|Any CPU
		{E9A51821-3DCC-4044-8F90-5E9E293EA983}.Debug|Any CPU.ActiveCfg = Debug|Any CPU
		{E9A51821-3DCC-4044-8F90-5E9E293EA983}.Debug|Any CPU.Build.0 = Debug|Any CPU
		{E9A51821-3DCC-4044-8F90-5E9E293EA983}.Release|Any CPU.ActiveCfg = Release|Any CPU
		{E9A51821-3DCC-4044-8F90-5E9E293EA983}.Release|Any CPU.Build.0 = Release|Any CPU
		{C36D50FF-8097-4A47-A326-C4680E31739E}.Debug|Any CPU.ActiveCfg = Debug|Any CPU
		{C36D50FF-8097-4A47-A326-C4680E31739E}.Debug|Any CPU.Build.0 = Debug|Any CPU
		{C36D50FF-8097-4A47-A326-C4680E31739E}.Release|Any CPU.ActiveCfg = Release|Any CPU
		{C36D50FF-8097-4A47-A326-C4680E31739E}.Release|Any CPU.Build.0 = Release|Any CPU
		{A407DCF7-4810-43C1-A57F-F45B181761E2}.Debug|Any CPU.ActiveCfg = Debug|Any CPU
		{A407DCF7-4810-43C1-A57F-F45B181761E2}.Debug|Any CPU.Build.0 = Debug|Any CPU
		{A407DCF7-4810-43C1-A57F-F45B181761E2}.Release|Any CPU.ActiveCfg = Release|Any CPU
		{A407DCF7-4810-43C1-A57F-F45B181761E2}.Release|Any CPU.Build.0 = Release|Any CPU
		{98E5AA5F-61AB-4EEC-AA60-36FBCD5352BE}.Debug|Any CPU.ActiveCfg = Debug|Any CPU
		{98E5AA5F-61AB-4EEC-AA60-36FBCD5352BE}.Debug|Any CPU.Build.0 = Debug|Any CPU
		{98E5AA5F-61AB-4EEC-AA60-36FBCD5352BE}.Release|Any CPU.ActiveCfg = Release|Any CPU
		{98E5AA5F-61AB-4EEC-AA60-36FBCD5352BE}.Release|Any CPU.Build.0 = Release|Any CPU
		{058F930E-A910-4111-9AE2-A6B78AC2D3FD}.Debug|Any CPU.ActiveCfg = Debug|Any CPU
		{058F930E-A910-4111-9AE2-A6B78AC2D3FD}.Debug|Any CPU.Build.0 = Debug|Any CPU
		{058F930E-A910-4111-9AE2-A6B78AC2D3FD}.Release|Any CPU.ActiveCfg = Release|Any CPU
		{058F930E-A910-4111-9AE2-A6B78AC2D3FD}.Release|Any CPU.Build.0 = Release|Any CPU
		{9752C343-F2DF-46A5-90C3-4DC2B1597194}.Debug|Any CPU.ActiveCfg = Debug|Any CPU
		{9752C343-F2DF-46A5-90C3-4DC2B1597194}.Debug|Any CPU.Build.0 = Debug|Any CPU
		{9752C343-F2DF-46A5-90C3-4DC2B1597194}.Release|Any CPU.ActiveCfg = Release|Any CPU
		{9752C343-F2DF-46A5-90C3-4DC2B1597194}.Release|Any CPU.Build.0 = Release|Any CPU
	EndGlobalSection
	GlobalSection(SolutionProperties) = preSolution
		HideSolutionNode = FALSE
	EndGlobalSection
	GlobalSection(ExtensibilityGlobals) = postSolution
		SolutionGuid = {98EF3069-E0C7-404B-8D9E-1D5FDF58DD7C}
	EndGlobalSection
EndGlobal
