
Microsoft Visual Studio Solution File, Format Version 12.00
# Visual Studio Version 17
VisualStudioVersion = 17.5.33627.172
MinimumVisualStudioVersion = 10.0.40219.1
Project("{9A19103F-16F7-4668-BE54-9A1E7A4F7556}") = "homework_1", "homework_1\homework_1.csproj", "{2F59B20C-61A6-45A8-8E9C-5443F9912522}"
EndProject
Project("{9A19103F-16F7-4668-BE54-9A1E7A4F7556}") = "RevertNumber", "homework_2\revertNumber\RevertNumber.csproj", "{4DBBD5D2-6D8E-42F1-867F-5878C891FF35}"
EndProject
Project("{9A19103F-16F7-4668-BE54-9A1E7A4F7556}") = "GetSquare", "homework_2\GetSquare\GetSquare.csproj", "{DF051415-1817-403B-BB41-88655F50D9B3}"
EndProject
Project("{9A19103F-16F7-4668-BE54-9A1E7A4F7556}") = "ChangedNumber", "homework_2\ChangedNumber\ChangedNumber.csproj", "{E3730648-CA38-44EC-8313-AF951996E174}"
EndProject
Project("{9A19103F-16F7-4668-BE54-9A1E7A4F7556}") = "AverageNumber", "homework_2\AverageNumber\AverageNumber.csproj", "{E5C96FC0-5284-4E80-87F9-3C55FDFC91D7}"
EndProject
Project("{9A19103F-16F7-4668-BE54-9A1E7A4F7556}") = "ReplaceVariable", "homework_2\ReplaceVariable\ReplaceVariable.csproj", "{B0ECB11C-2E3D-43AD-BC94-1E722CA29D10}"
EndProject
Project("{9A19103F-16F7-4668-BE54-9A1E7A4F7556}") = "EvenOddNumbers", "homework_3\EvenOddNumbers\EvenOddNumbers.csproj", "{03033A60-DC02-41E6-A3F4-11E293B1B257}"
EndProject
Project("{9A19103F-16F7-4668-BE54-9A1E7A4F7556}") = "ComparingNumbers", "homework_3\ComparingNumbers\ComparingNumbers.csproj", "{AA1E379B-A408-4CAD-A23F-6DA78186D9AD}"
EndProject
Project("{9A19103F-16F7-4668-BE54-9A1E7A4F7556}") = "GetDayOfWeek", "homework_3\GetDayOfWeek\GetDayOfWeek.csproj", "{B527301D-7389-4932-A6A2-2793A80A79EB}"
EndProject
Project("{9A19103F-16F7-4668-BE54-9A1E7A4F7556}") = "NameOfSeason", "homework_3\NameOfSeason\NameOfSeason.csproj", "{6D53DFBE-0152-49DB-B864-205CFB444AB3}"
EndProject
Project("{9A19103F-16F7-4668-BE54-9A1E7A4F7556}") = "Multiple", "homework_3\Multiple\Multiple.csproj", "{2C814147-F723-4C21-AB78-4FA7C00FA1C5}"
EndProject
Project("{9A19103F-16F7-4668-BE54-9A1E7A4F7556}") = "CheckPassword", "homework_4\CheckPassword\CheckPassword.csproj", "{27B8FD75-8FEC-4436-8EB6-E5B8F2683EE8}"
EndProject
Project("{9A19103F-16F7-4668-BE54-9A1E7A4F7556}") = "GuessNumber", "homework_4\GuessNumber\GuessNumber.csproj", "{E9A51821-3DCC-4044-8F90-5E9E293EA983}"
EndProject
Project("{9A19103F-16F7-4668-BE54-9A1E7A4F7556}") = "SimpleNumber", "homework_4\SimpleNumber\SimpleNumber.csproj", "{C36D50FF-8097-4A47-A326-C4680E31739E}"
EndProject
Project("{9A19103F-16F7-4668-BE54-9A1E7A4F7556}") = "ArrayAddToStart", "homework_5\ArrayAddToStart\ArrayAddToStart.csproj", "{A407DCF7-4810-43C1-A57F-F45B181761E2}"
EndProject
Project("{9A19103F-16F7-4668-BE54-9A1E7A4F7556}") = "PrintArray", "homework_5\PrintArray\PrintArray.csproj", "{98E5AA5F-61AB-4EEC-AA60-36FBCD5352BE}"
EndProject
Project("{9A19103F-16F7-4668-BE54-9A1E7A4F7556}") = "ConcatArray", "homework_5\ConcatArray\ConcatArray.csproj", "{058F930E-A910-4111-9AE2-A6B78AC2D3FD}"
EndProject
Project("{9A19103F-16F7-4668-BE54-9A1E7A4F7556}") = "RemoveElementFromArray", "homework_5\RemoveElementFromArray\RemoveElementFromArray.csproj", "{9752C343-F2DF-46A5-90C3-4DC2B1597194}"
EndProject
Project("{9A19103F-16F7-4668-BE54-9A1E7A4F7556}") = "ArrayComparison", "homework_5\ArrayComparison\ArrayComparison.csproj", "{03DC8094-1F5C-4914-9D64-BCD53E2F60E7}"
EndProject
Project("{9A19103F-16F7-4668-BE54-9A1E7A4F7556}") = "SumOfElements", "homework_6\SumOfElements\SumOfElements.csproj", "{6183A624-8E43-47AA-81DC-4051C4EE8F89}"
EndProject
Project("{9A19103F-16F7-4668-BE54-9A1E7A4F7556}") = "MultiplicationOfElements", "homework_6\MultiplicationOfElements\MultiplicationOfElements.csproj", "{480F19AF-5A41-4133-8A8D-7ED2254D8638}"
EndProject
Project("{9A19103F-16F7-4668-BE54-9A1E7A4F7556}") = "CountOfPositivaAndNegative", "homework_6\CountOfPositivaAndNegative\CountOfPositivaAndNegative.csproj", "{A068CAFE-C757-4D15-9CAD-1B707F85E6B3}"
EndProject
Project("{9A19103F-16F7-4668-BE54-9A1E7A4F7556}") = "SortOfLastName", "homework_6\SortOfLastName\SortOfLastName.csproj", "{76A4A1DA-2786-4F13-84E8-783D3C735A1C}"
EndProject
Project("{9A19103F-16F7-4668-BE54-9A1E7A4F7556}") = "StudentEvaluations", "homework_6\StudentEvaluations\StudentEvaluations.csproj", "{5F21AD17-9D61-4990-B783-E9060E5EB08E}"
EndProject
Project("{2150E333-8FDC-42A3-9474-1A3956D46DE8}") = "Solution Items", "Solution Items", "{00E6974A-4E0F-4689-8F69-5F23C21BDD21}"
	ProjectSection(SolutionItems) = preProject
		.editorconfig = .editorconfig
	EndProjectSection
EndProject
Project("{9A19103F-16F7-4668-BE54-9A1E7A4F7556}") = "Calculator", "homework_7\Calculator\Calculator.csproj", "{CEA2AB75-38C9-4CB1-8A9E-8CA1C8D84427}"
EndProject
Project("{9A19103F-16F7-4668-BE54-9A1E7A4F7556}") = "Address", "homework_8\Address\Address.csproj", "{C778F810-91B6-45E4-9BB2-6C4D4BAF3708}"
EndProject
Project("{9A19103F-16F7-4668-BE54-9A1E7A4F7556}") = "Figure", "homework_9\Figure\Figure.csproj", "{84D9F6BC-DD37-4C07-B835-806A23C26F17}"
EndProject
Project("{9A19103F-16F7-4668-BE54-9A1E7A4F7556}") = "User", "homework_9\User\User.csproj", "{C28494B7-D7BF-4D79-B6F8-2EFD890873FF}"
EndProject
Project("{9A19103F-16F7-4668-BE54-9A1E7A4F7556}") = "Inheritance.Figure", "homework_10\Inheritance.Figure\Inheritance.Figure.csproj", "{DAE572BE-8834-4675-9A87-20D6931EFCDA}"
EndProject
Project("{9A19103F-16F7-4668-BE54-9A1E7A4F7556}") = "Inheritance.Transport", "homework_10\Transport\Inheritance.Transport.csproj", "{2982AA75-5204-4843-9459-724802694466}"
EndProject
Project("{9A19103F-16F7-4668-BE54-9A1E7A4F7556}") = "BankAccount", "homework_11\BankAccount\BankAccount.csproj", "{11AFBB23-8D65-4FEE-B7CF-DF2346B2466A}"
EndProject
Project("{9A19103F-16F7-4668-BE54-9A1E7A4F7556}") = "DocumentWorker", "homework_11\DocumentWorker\DocumentWorker.csproj", "{5AA74E95-3FC4-4401-9574-57DD2DB3B31A}"
EndProject
Project("{FAE04EC0-301F-11D3-BF4B-00C04F79EFBC}") = "Interface.Movable", "homework_12\Interface.Movable\Interface.Movable.csproj", "{44FB69BA-4419-4519-A7BC-F326F5B99C25}"
EndProject
Project("{FAE04EC0-301F-11D3-BF4B-00C04F79EFBC}") = "MathUtility", "homework_12\MathUtility\MathUtility.csproj", "{35ECF9EB-8413-4998-BEC9-6A88C7C42486}"
EndProject
Project("{FAE04EC0-301F-11D3-BF4B-00C04F79EFBC}") = "Shop", "homework_13\Shop\Shop.csproj", "{6E7FD05D-75F1-454E-9FC1-ABC570663571}"
EndProject
Project("{FAE04EC0-301F-11D3-BF4B-00C04F79EFBC}") = "Orders", "homework_13\Orders\Orders.csproj", "{A0851736-09BD-47EA-BF22-61E4AC5EDDEE}"
EndProject
Global
	GlobalSection(SolutionConfigurationPlatforms) = preSolution
		Debug|Any CPU = Debug|Any CPU
		Release|Any CPU = Release|Any CPU
	EndGlobalSection
	GlobalSection(ProjectConfigurationPlatforms) = postSolution
		{2F59B20C-61A6-45A8-8E9C-5443F9912522}.Debug|Any CPU.ActiveCfg = Debug|Any CPU
		{2F59B20C-61A6-45A8-8E9C-5443F9912522}.Debug|Any CPU.Build.0 = Debug|Any CPU
		{2F59B20C-61A6-45A8-8E9C-5443F9912522}.Release|Any CPU.ActiveCfg = Release|Any CPU
		{2F59B20C-61A6-45A8-8E9C-5443F9912522}.Release|Any CPU.Build.0 = Release|Any CPU
		{4DBBD5D2-6D8E-42F1-867F-5878C891FF35}.Debug|Any CPU.ActiveCfg = Debug|Any CPU
		{4DBBD5D2-6D8E-42F1-867F-5878C891FF35}.Debug|Any CPU.Build.0 = Debug|Any CPU
		{4DBBD5D2-6D8E-42F1-867F-5878C891FF35}.Release|Any CPU.ActiveCfg = Release|Any CPU
		{4DBBD5D2-6D8E-42F1-867F-5878C891FF35}.Release|Any CPU.Build.0 = Release|Any CPU
		{DF051415-1817-403B-BB41-88655F50D9B3}.Debug|Any CPU.ActiveCfg = Debug|Any CPU
		{DF051415-1817-403B-BB41-88655F50D9B3}.Debug|Any CPU.Build.0 = Debug|Any CPU
		{DF051415-1817-403B-BB41-88655F50D9B3}.Release|Any CPU.ActiveCfg = Release|Any CPU
		{DF051415-1817-403B-BB41-88655F50D9B3}.Release|Any CPU.Build.0 = Release|Any CPU
		{E3730648-CA38-44EC-8313-AF951996E174}.Debug|Any CPU.ActiveCfg = Debug|Any CPU
		{E3730648-CA38-44EC-8313-AF951996E174}.Debug|Any CPU.Build.0 = Debug|Any CPU
		{E3730648-CA38-44EC-8313-AF951996E174}.Release|Any CPU.ActiveCfg = Release|Any CPU
		{E3730648-CA38-44EC-8313-AF951996E174}.Release|Any CPU.Build.0 = Release|Any CPU
		{E5C96FC0-5284-4E80-87F9-3C55FDFC91D7}.Debug|Any CPU.ActiveCfg = Debug|Any CPU
		{E5C96FC0-5284-4E80-87F9-3C55FDFC91D7}.Debug|Any CPU.Build.0 = Debug|Any CPU
		{E5C96FC0-5284-4E80-87F9-3C55FDFC91D7}.Release|Any CPU.ActiveCfg = Release|Any CPU
		{E5C96FC0-5284-4E80-87F9-3C55FDFC91D7}.Release|Any CPU.Build.0 = Release|Any CPU
		{B0ECB11C-2E3D-43AD-BC94-1E722CA29D10}.Debug|Any CPU.ActiveCfg = Debug|Any CPU
		{B0ECB11C-2E3D-43AD-BC94-1E722CA29D10}.Debug|Any CPU.Build.0 = Debug|Any CPU
		{B0ECB11C-2E3D-43AD-BC94-1E722CA29D10}.Release|Any CPU.ActiveCfg = Release|Any CPU
		{B0ECB11C-2E3D-43AD-BC94-1E722CA29D10}.Release|Any CPU.Build.0 = Release|Any CPU
		{03033A60-DC02-41E6-A3F4-11E293B1B257}.Debug|Any CPU.ActiveCfg = Debug|Any CPU
		{03033A60-DC02-41E6-A3F4-11E293B1B257}.Debug|Any CPU.Build.0 = Debug|Any CPU
		{03033A60-DC02-41E6-A3F4-11E293B1B257}.Release|Any CPU.ActiveCfg = Release|Any CPU
		{03033A60-DC02-41E6-A3F4-11E293B1B257}.Release|Any CPU.Build.0 = Release|Any CPU
		{AA1E379B-A408-4CAD-A23F-6DA78186D9AD}.Debug|Any CPU.ActiveCfg = Debug|Any CPU
		{AA1E379B-A408-4CAD-A23F-6DA78186D9AD}.Debug|Any CPU.Build.0 = Debug|Any CPU
		{AA1E379B-A408-4CAD-A23F-6DA78186D9AD}.Release|Any CPU.ActiveCfg = Release|Any CPU
		{AA1E379B-A408-4CAD-A23F-6DA78186D9AD}.Release|Any CPU.Build.0 = Release|Any CPU
		{B527301D-7389-4932-A6A2-2793A80A79EB}.Debug|Any CPU.ActiveCfg = Debug|Any CPU
		{B527301D-7389-4932-A6A2-2793A80A79EB}.Debug|Any CPU.Build.0 = Debug|Any CPU
		{B527301D-7389-4932-A6A2-2793A80A79EB}.Release|Any CPU.ActiveCfg = Release|Any CPU
		{B527301D-7389-4932-A6A2-2793A80A79EB}.Release|Any CPU.Build.0 = Release|Any CPU
		{6D53DFBE-0152-49DB-B864-205CFB444AB3}.Debug|Any CPU.ActiveCfg = Debug|Any CPU
		{6D53DFBE-0152-49DB-B864-205CFB444AB3}.Debug|Any CPU.Build.0 = Debug|Any CPU
		{6D53DFBE-0152-49DB-B864-205CFB444AB3}.Release|Any CPU.ActiveCfg = Release|Any CPU
		{6D53DFBE-0152-49DB-B864-205CFB444AB3}.Release|Any CPU.Build.0 = Release|Any CPU
		{2C814147-F723-4C21-AB78-4FA7C00FA1C5}.Debug|Any CPU.ActiveCfg = Debug|Any CPU
		{2C814147-F723-4C21-AB78-4FA7C00FA1C5}.Debug|Any CPU.Build.0 = Debug|Any CPU
		{2C814147-F723-4C21-AB78-4FA7C00FA1C5}.Release|Any CPU.ActiveCfg = Release|Any CPU
		{2C814147-F723-4C21-AB78-4FA7C00FA1C5}.Release|Any CPU.Build.0 = Release|Any CPU
		{27B8FD75-8FEC-4436-8EB6-E5B8F2683EE8}.Debug|Any CPU.ActiveCfg = Debug|Any CPU
		{27B8FD75-8FEC-4436-8EB6-E5B8F2683EE8}.Debug|Any CPU.Build.0 = Debug|Any CPU
		{27B8FD75-8FEC-4436-8EB6-E5B8F2683EE8}.Release|Any CPU.ActiveCfg = Release|Any CPU
		{27B8FD75-8FEC-4436-8EB6-E5B8F2683EE8}.Release|Any CPU.Build.0 = Release|Any CPU
		{E9A51821-3DCC-4044-8F90-5E9E293EA983}.Debug|Any CPU.ActiveCfg = Debug|Any CPU
		{E9A51821-3DCC-4044-8F90-5E9E293EA983}.Debug|Any CPU.Build.0 = Debug|Any CPU
		{E9A51821-3DCC-4044-8F90-5E9E293EA983}.Release|Any CPU.ActiveCfg = Release|Any CPU
		{E9A51821-3DCC-4044-8F90-5E9E293EA983}.Release|Any CPU.Build.0 = Release|Any CPU
		{C36D50FF-8097-4A47-A326-C4680E31739E}.Debug|Any CPU.ActiveCfg = Debug|Any CPU
		{C36D50FF-8097-4A47-A326-C4680E31739E}.Debug|Any CPU.Build.0 = Debug|Any CPU
		{C36D50FF-8097-4A47-A326-C4680E31739E}.Release|Any CPU.ActiveCfg = Release|Any CPU
		{C36D50FF-8097-4A47-A326-C4680E31739E}.Release|Any CPU.Build.0 = Release|Any CPU
		{A407DCF7-4810-43C1-A57F-F45B181761E2}.Debug|Any CPU.ActiveCfg = Debug|Any CPU
		{A407DCF7-4810-43C1-A57F-F45B181761E2}.Debug|Any CPU.Build.0 = Debug|Any CPU
		{A407DCF7-4810-43C1-A57F-F45B181761E2}.Release|Any CPU.ActiveCfg = Release|Any CPU
		{A407DCF7-4810-43C1-A57F-F45B181761E2}.Release|Any CPU.Build.0 = Release|Any CPU
		{98E5AA5F-61AB-4EEC-AA60-36FBCD5352BE}.Debug|Any CPU.ActiveCfg = Debug|Any CPU
		{98E5AA5F-61AB-4EEC-AA60-36FBCD5352BE}.Debug|Any CPU.Build.0 = Debug|Any CPU
		{98E5AA5F-61AB-4EEC-AA60-36FBCD5352BE}.Release|Any CPU.ActiveCfg = Release|Any CPU
		{98E5AA5F-61AB-4EEC-AA60-36FBCD5352BE}.Release|Any CPU.Build.0 = Release|Any CPU
		{058F930E-A910-4111-9AE2-A6B78AC2D3FD}.Debug|Any CPU.ActiveCfg = Debug|Any CPU
		{058F930E-A910-4111-9AE2-A6B78AC2D3FD}.Debug|Any CPU.Build.0 = Debug|Any CPU
		{058F930E-A910-4111-9AE2-A6B78AC2D3FD}.Release|Any CPU.ActiveCfg = Release|Any CPU
		{058F930E-A910-4111-9AE2-A6B78AC2D3FD}.Release|Any CPU.Build.0 = Release|Any CPU
		{9752C343-F2DF-46A5-90C3-4DC2B1597194}.Debug|Any CPU.ActiveCfg = Debug|Any CPU
		{9752C343-F2DF-46A5-90C3-4DC2B1597194}.Debug|Any CPU.Build.0 = Debug|Any CPU
		{9752C343-F2DF-46A5-90C3-4DC2B1597194}.Release|Any CPU.ActiveCfg = Release|Any CPU
		{9752C343-F2DF-46A5-90C3-4DC2B1597194}.Release|Any CPU.Build.0 = Release|Any CPU
		{03DC8094-1F5C-4914-9D64-BCD53E2F60E7}.Debug|Any CPU.ActiveCfg = Debug|Any CPU
		{03DC8094-1F5C-4914-9D64-BCD53E2F60E7}.Debug|Any CPU.Build.0 = Debug|Any CPU
		{03DC8094-1F5C-4914-9D64-BCD53E2F60E7}.Release|Any CPU.ActiveCfg = Release|Any CPU
		{03DC8094-1F5C-4914-9D64-BCD53E2F60E7}.Release|Any CPU.Build.0 = Release|Any CPU
		{6183A624-8E43-47AA-81DC-4051C4EE8F89}.Debug|Any CPU.ActiveCfg = Debug|Any CPU
		{6183A624-8E43-47AA-81DC-4051C4EE8F89}.Debug|Any CPU.Build.0 = Debug|Any CPU
		{6183A624-8E43-47AA-81DC-4051C4EE8F89}.Release|Any CPU.ActiveCfg = Release|Any CPU
		{6183A624-8E43-47AA-81DC-4051C4EE8F89}.Release|Any CPU.Build.0 = Release|Any CPU
		{480F19AF-5A41-4133-8A8D-7ED2254D8638}.Debug|Any CPU.ActiveCfg = Debug|Any CPU
		{480F19AF-5A41-4133-8A8D-7ED2254D8638}.Debug|Any CPU.Build.0 = Debug|Any CPU
		{480F19AF-5A41-4133-8A8D-7ED2254D8638}.Release|Any CPU.ActiveCfg = Release|Any CPU
		{480F19AF-5A41-4133-8A8D-7ED2254D8638}.Release|Any CPU.Build.0 = Release|Any CPU
		{A068CAFE-C757-4D15-9CAD-1B707F85E6B3}.Debug|Any CPU.ActiveCfg = Debug|Any CPU
		{A068CAFE-C757-4D15-9CAD-1B707F85E6B3}.Debug|Any CPU.Build.0 = Debug|Any CPU
		{A068CAFE-C757-4D15-9CAD-1B707F85E6B3}.Release|Any CPU.ActiveCfg = Release|Any CPU
		{A068CAFE-C757-4D15-9CAD-1B707F85E6B3}.Release|Any CPU.Build.0 = Release|Any CPU
		{76A4A1DA-2786-4F13-84E8-783D3C735A1C}.Debug|Any CPU.ActiveCfg = Debug|Any CPU
		{76A4A1DA-2786-4F13-84E8-783D3C735A1C}.Debug|Any CPU.Build.0 = Debug|Any CPU
		{76A4A1DA-2786-4F13-84E8-783D3C735A1C}.Release|Any CPU.ActiveCfg = Release|Any CPU
		{76A4A1DA-2786-4F13-84E8-783D3C735A1C}.Release|Any CPU.Build.0 = Release|Any CPU
		{5F21AD17-9D61-4990-B783-E9060E5EB08E}.Debug|Any CPU.ActiveCfg = Debug|Any CPU
		{5F21AD17-9D61-4990-B783-E9060E5EB08E}.Debug|Any CPU.Build.0 = Debug|Any CPU
		{5F21AD17-9D61-4990-B783-E9060E5EB08E}.Release|Any CPU.ActiveCfg = Release|Any CPU
		{5F21AD17-9D61-4990-B783-E9060E5EB08E}.Release|Any CPU.Build.0 = Release|Any CPU
		{CEA2AB75-38C9-4CB1-8A9E-8CA1C8D84427}.Debug|Any CPU.ActiveCfg = Debug|Any CPU
		{CEA2AB75-38C9-4CB1-8A9E-8CA1C8D84427}.Debug|Any CPU.Build.0 = Debug|Any CPU
		{CEA2AB75-38C9-4CB1-8A9E-8CA1C8D84427}.Release|Any CPU.ActiveCfg = Release|Any CPU
		{CEA2AB75-38C9-4CB1-8A9E-8CA1C8D84427}.Release|Any CPU.Build.0 = Release|Any CPU
		{C778F810-91B6-45E4-9BB2-6C4D4BAF3708}.Debug|Any CPU.ActiveCfg = Debug|Any CPU
		{C778F810-91B6-45E4-9BB2-6C4D4BAF3708}.Debug|Any CPU.Build.0 = Debug|Any CPU
		{C778F810-91B6-45E4-9BB2-6C4D4BAF3708}.Release|Any CPU.ActiveCfg = Release|Any CPU
		{C778F810-91B6-45E4-9BB2-6C4D4BAF3708}.Release|Any CPU.Build.0 = Release|Any CPU
		{84D9F6BC-DD37-4C07-B835-806A23C26F17}.Debug|Any CPU.ActiveCfg = Debug|Any CPU
		{84D9F6BC-DD37-4C07-B835-806A23C26F17}.Debug|Any CPU.Build.0 = Debug|Any CPU
		{84D9F6BC-DD37-4C07-B835-806A23C26F17}.Release|Any CPU.ActiveCfg = Release|Any CPU
		{84D9F6BC-DD37-4C07-B835-806A23C26F17}.Release|Any CPU.Build.0 = Release|Any CPU
		{C28494B7-D7BF-4D79-B6F8-2EFD890873FF}.Debug|Any CPU.ActiveCfg = Debug|Any CPU
		{C28494B7-D7BF-4D79-B6F8-2EFD890873FF}.Debug|Any CPU.Build.0 = Debug|Any CPU
		{C28494B7-D7BF-4D79-B6F8-2EFD890873FF}.Release|Any CPU.ActiveCfg = Release|Any CPU
		{C28494B7-D7BF-4D79-B6F8-2EFD890873FF}.Release|Any CPU.Build.0 = Release|Any CPU
		{DAE572BE-8834-4675-9A87-20D6931EFCDA}.Debug|Any CPU.ActiveCfg = Debug|Any CPU
		{DAE572BE-8834-4675-9A87-20D6931EFCDA}.Debug|Any CPU.Build.0 = Debug|Any CPU
		{DAE572BE-8834-4675-9A87-20D6931EFCDA}.Release|Any CPU.ActiveCfg = Release|Any CPU
		{DAE572BE-8834-4675-9A87-20D6931EFCDA}.Release|Any CPU.Build.0 = Release|Any CPU
		{2982AA75-5204-4843-9459-724802694466}.Debug|Any CPU.ActiveCfg = Debug|Any CPU
		{2982AA75-5204-4843-9459-724802694466}.Debug|Any CPU.Build.0 = Debug|Any CPU
		{2982AA75-5204-4843-9459-724802694466}.Release|Any CPU.ActiveCfg = Release|Any CPU
		{2982AA75-5204-4843-9459-724802694466}.Release|Any CPU.Build.0 = Release|Any CPU
		{11AFBB23-8D65-4FEE-B7CF-DF2346B2466A}.Debug|Any CPU.ActiveCfg = Debug|Any CPU
		{11AFBB23-8D65-4FEE-B7CF-DF2346B2466A}.Debug|Any CPU.Build.0 = Debug|Any CPU
		{11AFBB23-8D65-4FEE-B7CF-DF2346B2466A}.Release|Any CPU.ActiveCfg = Release|Any CPU
		{11AFBB23-8D65-4FEE-B7CF-DF2346B2466A}.Release|Any CPU.Build.0 = Release|Any CPU
		{5AA74E95-3FC4-4401-9574-57DD2DB3B31A}.Debug|Any CPU.ActiveCfg = Debug|Any CPU
		{5AA74E95-3FC4-4401-9574-57DD2DB3B31A}.Debug|Any CPU.Build.0 = Debug|Any CPU
		{5AA74E95-3FC4-4401-9574-57DD2DB3B31A}.Release|Any CPU.ActiveCfg = Release|Any CPU
		{5AA74E95-3FC4-4401-9574-57DD2DB3B31A}.Release|Any CPU.Build.0 = Release|Any CPU
		{44FB69BA-4419-4519-A7BC-F326F5B99C25}.Debug|Any CPU.ActiveCfg = Debug|Any CPU
		{44FB69BA-4419-4519-A7BC-F326F5B99C25}.Debug|Any CPU.Build.0 = Debug|Any CPU
		{44FB69BA-4419-4519-A7BC-F326F5B99C25}.Release|Any CPU.ActiveCfg = Release|Any CPU
		{44FB69BA-4419-4519-A7BC-F326F5B99C25}.Release|Any CPU.Build.0 = Release|Any CPU
		{35ECF9EB-8413-4998-BEC9-6A88C7C42486}.Debug|Any CPU.ActiveCfg = Debug|Any CPU
		{35ECF9EB-8413-4998-BEC9-6A88C7C42486}.Debug|Any CPU.Build.0 = Debug|Any CPU
		{35ECF9EB-8413-4998-BEC9-6A88C7C42486}.Release|Any CPU.ActiveCfg = Release|Any CPU
		{35ECF9EB-8413-4998-BEC9-6A88C7C42486}.Release|Any CPU.Build.0 = Release|Any CPU
		{6E7FD05D-75F1-454E-9FC1-ABC570663571}.Debug|Any CPU.ActiveCfg = Debug|Any CPU
		{6E7FD05D-75F1-454E-9FC1-ABC570663571}.Debug|Any CPU.Build.0 = Debug|Any CPU
		{6E7FD05D-75F1-454E-9FC1-ABC570663571}.Release|Any CPU.ActiveCfg = Release|Any CPU
		{6E7FD05D-75F1-454E-9FC1-ABC570663571}.Release|Any CPU.Build.0 = Release|Any CPU
		{A0851736-09BD-47EA-BF22-61E4AC5EDDEE}.Debug|Any CPU.ActiveCfg = Debug|Any CPU
		{A0851736-09BD-47EA-BF22-61E4AC5EDDEE}.Debug|Any CPU.Build.0 = Debug|Any CPU
		{A0851736-09BD-47EA-BF22-61E4AC5EDDEE}.Release|Any CPU.ActiveCfg = Release|Any CPU
		{A0851736-09BD-47EA-BF22-61E4AC5EDDEE}.Release|Any CPU.Build.0 = Release|Any CPU
	EndGlobalSection
	GlobalSection(SolutionProperties) = preSolution
		HideSolutionNode = FALSE
	EndGlobalSection
	GlobalSection(ExtensibilityGlobals) = postSolution
		SolutionGuid = {98EF3069-E0C7-404B-8D9E-1D5FDF58DD7C}
	EndGlobalSection
EndGlobal
